
Microsoft Visual Studio Solution File, Format Version 12.00
# Visual Studio 15
VisualStudioVersion = 15.0.28307.705
MinimumVisualStudioVersion = 10.0.40219.1
Project("{FAE04EC0-301F-11D3-BF4B-00C04F79EFBC}") = "STXtoSQL_Sales_NET", "STXtoSQL_Sales_NET\STXtoSQL_Sales_NET.csproj", "{C51A68F7-F800-4374-9E5A-70FC3D2C3A37}"
EndProject
Global
	GlobalSection(SolutionConfigurationPlatforms) = preSolution
		Debug|Any CPU = Debug|Any CPU
		Release|Any CPU = Release|Any CPU
	EndGlobalSection
	GlobalSection(ProjectConfigurationPlatforms) = postSolution
		{C51A68F7-F800-4374-9E5A-70FC3D2C3A37}.Debug|Any CPU.ActiveCfg = Debug|Any CPU
		{C51A68F7-F800-4374-9E5A-70FC3D2C3A37}.Debug|Any CPU.Build.0 = Debug|Any CPU
		{C51A68F7-F800-4374-9E5A-70FC3D2C3A37}.Release|Any CPU.ActiveCfg = Release|Any CPU
		{C51A68F7-F800-4374-9E5A-70FC3D2C3A37}.Release|Any CPU.Build.0 = Release|Any CPU
	EndGlobalSection
	GlobalSection(SolutionProperties) = preSolution
		HideSolutionNode = FALSE
	EndGlobalSection
	GlobalSection(ExtensibilityGlobals) = postSolution
		SolutionGuid = {854D8FD6-3688-4873-9344-A0D4F1223B09}
	EndGlobalSection
EndGlobal
